
Microsoft Visual Studio Solution File, Format Version 12.00
# Visual Studio 15
VisualStudioVersion = 15.0.28010.0
MinimumVisualStudioVersion = 10.0.40219.1
Project("{2150E333-8FDC-42A3-9474-1A3956D46DE8}") = "0 - Presentation", "0 - Presentation", "{E21AA6A0-FE3B-4069-8575-71D3A96F962C}"
EndProject
Project("{2150E333-8FDC-42A3-9474-1A3956D46DE8}") = "1 - Services", "1 - Services", "{6B4A834B-80EC-4A5F-8857-1657E90061B0}"
EndProject
Project("{2150E333-8FDC-42A3-9474-1A3956D46DE8}") = "3 - Domain", "3 - Domain", "{C353ED8A-B325-4141-B904-148F0D916EB1}"
EndProject
Project("{2150E333-8FDC-42A3-9474-1A3956D46DE8}") = "4 - Infra", "4 - Infra", "{FD9B3D61-1CF1-4EA9-9AFE-BCF4376B6BAD}"
EndProject
Project("{2150E333-8FDC-42A3-9474-1A3956D46DE8}") = "4.1 - Data", "4.1 - Data", "{73A5518D-717D-4063-9BF2-4C52773F088E}"
EndProject
Project("{2150E333-8FDC-42A3-9474-1A3956D46DE8}") = "4.2 - CrossCutting", "4.2 - CrossCutting", "{43F8CF02-88A9-472B-8AFF-34AEA3547CD1}"
EndProject
Project("{2150E333-8FDC-42A3-9474-1A3956D46DE8}") = "2 - Application", "2 - Application", "{58FC97C2-24FA-4118-AE0D-ADF0E6DE09C6}"
EndProject
Project("{FAE04EC0-301F-11D3-BF4B-00C04F79EFBC}") = "HBSISTest.Infra.Data", "HBSISTest.Infra.Data\HBSISTest.Infra.Data.csproj", "{6196F2FD-D518-4E7E-AAD0-9870F8774503}"
EndProject
Project("{FAE04EC0-301F-11D3-BF4B-00C04F79EFBC}") = "HBSISTest.Domain", "HBSISTest.Domain\HBSISTest.Domain.csproj", "{54856CB9-0BB3-40CD-9E92-1ED4A881BB1C}"
EndProject
Project("{FAE04EC0-301F-11D3-BF4B-00C04F79EFBC}") = "HBSISTest.Application", "HBSISTest.Application\HBSISTest.Application.csproj", "{7E78F5AA-7BB2-4AAF-9F53-C344353D7816}"
EndProject
Project("{FAE04EC0-301F-11D3-BF4B-00C04F79EFBC}") = "HBSISTest.WebAPI", "HBSISTest.WebAPI\HBSISTest.WebAPI.csproj", "{7544BD99-A0BB-4C4F-BDEB-827462CEB041}"
EndProject
Project("{FAE04EC0-301F-11D3-BF4B-00C04F79EFBC}") = "HBSISTest.UI", "HBSISTest.UI\HBSISTest.UI.csproj", "{7A3383EB-E5C3-497D-A239-EB7F91A243E1}"
EndProject
Global
	GlobalSection(SolutionConfigurationPlatforms) = preSolution
		Debug|Any CPU = Debug|Any CPU
		Release|Any CPU = Release|Any CPU
	EndGlobalSection
	GlobalSection(ProjectConfigurationPlatforms) = postSolution
		{6196F2FD-D518-4E7E-AAD0-9870F8774503}.Debug|Any CPU.ActiveCfg = Debug|Any CPU
		{6196F2FD-D518-4E7E-AAD0-9870F8774503}.Debug|Any CPU.Build.0 = Debug|Any CPU
		{6196F2FD-D518-4E7E-AAD0-9870F8774503}.Release|Any CPU.ActiveCfg = Release|Any CPU
		{6196F2FD-D518-4E7E-AAD0-9870F8774503}.Release|Any CPU.Build.0 = Release|Any CPU
		{54856CB9-0BB3-40CD-9E92-1ED4A881BB1C}.Debug|Any CPU.ActiveCfg = Debug|Any CPU
		{54856CB9-0BB3-40CD-9E92-1ED4A881BB1C}.Debug|Any CPU.Build.0 = Debug|Any CPU
		{54856CB9-0BB3-40CD-9E92-1ED4A881BB1C}.Release|Any CPU.ActiveCfg = Release|Any CPU
		{54856CB9-0BB3-40CD-9E92-1ED4A881BB1C}.Release|Any CPU.Build.0 = Release|Any CPU
		{7E78F5AA-7BB2-4AAF-9F53-C344353D7816}.Debug|Any CPU.ActiveCfg = Debug|Any CPU
		{7E78F5AA-7BB2-4AAF-9F53-C344353D7816}.Debug|Any CPU.Build.0 = Debug|Any CPU
		{7E78F5AA-7BB2-4AAF-9F53-C344353D7816}.Release|Any CPU.ActiveCfg = Release|Any CPU
		{7E78F5AA-7BB2-4AAF-9F53-C344353D7816}.Release|Any CPU.Build.0 = Release|Any CPU
		{7544BD99-A0BB-4C4F-BDEB-827462CEB041}.Debug|Any CPU.ActiveCfg = Debug|Any CPU
		{7544BD99-A0BB-4C4F-BDEB-827462CEB041}.Debug|Any CPU.Build.0 = Debug|Any CPU
		{7544BD99-A0BB-4C4F-BDEB-827462CEB041}.Release|Any CPU.ActiveCfg = Release|Any CPU
		{7544BD99-A0BB-4C4F-BDEB-827462CEB041}.Release|Any CPU.Build.0 = Release|Any CPU
		{7A3383EB-E5C3-497D-A239-EB7F91A243E1}.Debug|Any CPU.ActiveCfg = Debug|Any CPU
		{7A3383EB-E5C3-497D-A239-EB7F91A243E1}.Debug|Any CPU.Build.0 = Debug|Any CPU
		{7A3383EB-E5C3-497D-A239-EB7F91A243E1}.Release|Any CPU.ActiveCfg = Release|Any CPU
		{7A3383EB-E5C3-497D-A239-EB7F91A243E1}.Release|Any CPU.Build.0 = Release|Any CPU
	EndGlobalSection
	GlobalSection(SolutionProperties) = preSolution
		HideSolutionNode = FALSE
	EndGlobalSection
	GlobalSection(NestedProjects) = preSolution
		{73A5518D-717D-4063-9BF2-4C52773F088E} = {FD9B3D61-1CF1-4EA9-9AFE-BCF4376B6BAD}
		{43F8CF02-88A9-472B-8AFF-34AEA3547CD1} = {FD9B3D61-1CF1-4EA9-9AFE-BCF4376B6BAD}
		{6196F2FD-D518-4E7E-AAD0-9870F8774503} = {73A5518D-717D-4063-9BF2-4C52773F088E}
		{54856CB9-0BB3-40CD-9E92-1ED4A881BB1C} = {C353ED8A-B325-4141-B904-148F0D916EB1}
		{7E78F5AA-7BB2-4AAF-9F53-C344353D7816} = {58FC97C2-24FA-4118-AE0D-ADF0E6DE09C6}
		{7544BD99-A0BB-4C4F-BDEB-827462CEB041} = {6B4A834B-80EC-4A5F-8857-1657E90061B0}
		{7A3383EB-E5C3-497D-A239-EB7F91A243E1} = {E21AA6A0-FE3B-4069-8575-71D3A96F962C}
	EndGlobalSection
	GlobalSection(ExtensibilityGlobals) = postSolution
		SolutionGuid = {D522F490-89DB-4728-B1FE-68F6DC25B0A7}
	EndGlobalSection
EndGlobal
